// !$*UTF8*$!
{
	archiveVersion = 1;
	classes = {
	};
	objectVersion = 46;
	objects = {

/* Begin PBXBuildFile section */
		073ED0591BA0046A00F0A39D /* ESPHttpClient.m in Sources */ = {isa = PBXBuildFile; fileRef = 073ED0581BA0046A00F0A39D /* ESPHttpClient.m */; };
		073ED05D1BA00B2F00F0A39D /* ESPUser.m in Sources */ = {isa = PBXBuildFile; fileRef = 073ED05C1BA00B2F00F0A39D /* ESPUser.m */; };
		073ED0621BA00D8300F0A39D /* ESPActionInternetUserLogin.m in Sources */ = {isa = PBXBuildFile; fileRef = 073ED0611BA00D8300F0A39D /* ESPActionInternetUserLogin.m */; };
		073ED0681BA0139B00F0A39D /* EspViewController.m in Sources */ = {isa = PBXBuildFile; fileRef = 073ED0671BA0139B00F0A39D /* EspViewController.m */; };
		07CD440B1BA187F400D30921 /* EspActionInternetUserApnsRegister.m in Sources */ = {isa = PBXBuildFile; fileRef = 07CD440A1BA187F400D30921 /* EspActionInternetUserApnsRegister.m */; };
		07CD440E1BA1880500D30921 /* EspActionInternetUserApnsUnregister.m in Sources */ = {isa = PBXBuildFile; fileRef = 07CD440D1BA1880500D30921 /* EspActionInternetUserApnsUnregister.m */; };
		07FE88941B9D88DC00309C51 /* main.m in Sources */ = {isa = PBXBuildFile; fileRef = 07FE88931B9D88DC00309C51 /* main.m */; };
		07FE88971B9D88DC00309C51 /* AppDelegate.m in Sources */ = {isa = PBXBuildFile; fileRef = 07FE88961B9D88DC00309C51 /* AppDelegate.m */; };
		07FE889D1B9D88DC00309C51 /* Main.storyboard in Resources */ = {isa = PBXBuildFile; fileRef = 07FE889B1B9D88DC00309C51 /* Main.storyboard */; };
		07FE889F1B9D88DC00309C51 /* Images.xcassets in Resources */ = {isa = PBXBuildFile; fileRef = 07FE889E1B9D88DC00309C51 /* Images.xcassets */; };
		07FE88A21B9D88DC00309C51 /* LaunchScreen.xib in Resources */ = {isa = PBXBuildFile; fileRef = 07FE88A01B9D88DC00309C51 /* LaunchScreen.xib */; };
		07FE88AE1B9D88DD00309C51 /* notificationTests.m in Sources */ = {isa = PBXBuildFile; fileRef = 07FE88AD1B9D88DD00309C51 /* notificationTests.m */; };
/* End PBXBuildFile section */

/* Begin PBXContainerItemProxy section */
		07FE88A81B9D88DD00309C51 /* PBXContainerItemProxy */ = {
			isa = PBXContainerItemProxy;
			containerPortal = 07FE88861B9D88DC00309C51 /* Project object */;
			proxyType = 1;
			remoteGlobalIDString = 07FE888D1B9D88DC00309C51;
			remoteInfo = notification;
		};
/* End PBXContainerItemProxy section */

/* Begin PBXFileReference section */
		073ED0571BA0046A00F0A39D /* ESPHttpClient.h */ = {isa = PBXFileReference; fileEncoding = 4; lastKnownFileType = sourcecode.c.h; name = ESPHttpClient.h; path = notification/ESPHttpClient.h; sourceTree = "<group>"; };
		073ED0581BA0046A00F0A39D /* ESPHttpClient.m */ = {isa = PBXFileReference; fileEncoding = 4; lastKnownFileType = sourcecode.c.objc; name = ESPHttpClient.m; path = notification/ESPHttpClient.m; sourceTree = "<group>"; };
		073ED05B1BA00B2F00F0A39D /* ESPUser.h */ = {isa = PBXFileReference; fileEncoding = 4; lastKnownFileType = sourcecode.c.h; path = ESPUser.h; sourceTree = "<group>"; };
		073ED05C1BA00B2F00F0A39D /* ESPUser.m */ = {isa = PBXFileReference; fileEncoding = 4; lastKnownFileType = sourcecode.c.objc; path = ESPUser.m; sourceTree = "<group>"; };
		073ED05E1BA00B4500F0A39D /* EspEnum.h */ = {isa = PBXFileReference; lastKnownFileType = sourcecode.c.h; path = EspEnum.h; sourceTree = "<group>"; };
		073ED05F1BA00C8800F0A39D /* EspHttpStatusConstants.h */ = {isa = PBXFileReference; lastKnownFileType = sourcecode.c.h; path = EspHttpStatusConstants.h; sourceTree = "<group>"; };
		073ED0601BA00D8300F0A39D /* ESPActionInternetUserLogin.h */ = {isa = PBXFileReference; fileEncoding = 4; lastKnownFileType = sourcecode.c.h; path = ESPActionInternetUserLogin.h; sourceTree = "<group>"; };
		073ED0611BA00D8300F0A39D /* ESPActionInternetUserLogin.m */ = {isa = PBXFileReference; fileEncoding = 4; lastKnownFileType = sourcecode.c.objc; path = ESPActionInternetUserLogin.m; sourceTree = "<group>"; };
		073ED0661BA0139B00F0A39D /* EspViewController.h */ = {isa = PBXFileReference; fileEncoding = 4; lastKnownFileType = sourcecode.c.h; path = EspViewController.h; sourceTree = "<group>"; };
		073ED0671BA0139B00F0A39D /* EspViewController.m */ = {isa = PBXFileReference; fileEncoding = 4; lastKnownFileType = sourcecode.c.objc; path = EspViewController.m; sourceTree = "<group>"; };
		073ED0691BA0156000F0A39D /* EspUrlConstants.h */ = {isa = PBXFileReference; lastKnownFileType = sourcecode.c.h; path = EspUrlConstants.h; sourceTree = "<group>"; };
		07CD44091BA187F400D30921 /* EspActionInternetUserApnsRegister.h */ = {isa = PBXFileReference; fileEncoding = 4; lastKnownFileType = sourcecode.c.h; path = EspActionInternetUserApnsRegister.h; sourceTree = "<group>"; };
		07CD440A1BA187F400D30921 /* EspActionInternetUserApnsRegister.m */ = {isa = PBXFileReference; fileEncoding = 4; lastKnownFileType = sourcecode.c.objc; path = EspActionInternetUserApnsRegister.m; sourceTree = "<group>"; };
		07CD440C1BA1880500D30921 /* EspActionInternetUserApnsUnregister.h */ = {isa = PBXFileReference; fileEncoding = 4; lastKnownFileType = sourcecode.c.h; path = EspActionInternetUserApnsUnregister.h; sourceTree = "<group>"; };
		07CD440D1BA1880500D30921 /* EspActionInternetUserApnsUnregister.m */ = {isa = PBXFileReference; fileEncoding = 4; lastKnownFileType = sourcecode.c.objc; path = EspActionInternetUserApnsUnregister.m; sourceTree = "<group>"; };
		07FE888E1B9D88DC00309C51 /* notification.app */ = {isa = PBXFileReference; explicitFileType = wrapper.application; includeInIndex = 0; path = notification.app; sourceTree = BUILT_PRODUCTS_DIR; };
		07FE88921B9D88DC00309C51 /* Info.plist */ = {isa = PBXFileReference; lastKnownFileType = text.plist.xml; path = Info.plist; sourceTree = "<group>"; };
		07FE88931B9D88DC00309C51 /* main.m */ = {isa = PBXFileReference; lastKnownFileType = sourcecode.c.objc; path = main.m; sourceTree = "<group>"; };
		07FE88951B9D88DC00309C51 /* AppDelegate.h */ = {isa = PBXFileReference; lastKnownFileType = sourcecode.c.h; path = AppDelegate.h; sourceTree = "<group>"; };
		07FE88961B9D88DC00309C51 /* AppDelegate.m */ = {isa = PBXFileReference; lastKnownFileType = sourcecode.c.objc; path = AppDelegate.m; sourceTree = "<group>"; };
		07FE889C1B9D88DC00309C51 /* Base */ = {isa = PBXFileReference; lastKnownFileType = file.storyboard; name = Base; path = Base.lproj/Main.storyboard; sourceTree = "<group>"; };
		07FE889E1B9D88DC00309C51 /* Images.xcassets */ = {isa = PBXFileReference; lastKnownFileType = folder.assetcatalog; path = Images.xcassets; sourceTree = "<group>"; };
		07FE88A11B9D88DC00309C51 /* Base */ = {isa = PBXFileReference; lastKnownFileType = file.xib; name = Base; path = Base.lproj/LaunchScreen.xib; sourceTree = "<group>"; };
		07FE88A71B9D88DD00309C51 /* notificationTests.xctest */ = {isa = PBXFileReference; explicitFileType = wrapper.cfbundle; includeInIndex = 0; path = notificationTests.xctest; sourceTree = BUILT_PRODUCTS_DIR; };
		07FE88AC1B9D88DD00309C51 /* Info.plist */ = {isa = PBXFileReference; lastKnownFileType = text.plist.xml; path = Info.plist; sourceTree = "<group>"; };
		07FE88AD1B9D88DD00309C51 /* notificationTests.m */ = {isa = PBXFileReference; lastKnownFileType = sourcecode.c.objc; path = notificationTests.m; sourceTree = "<group>"; };
/* End PBXFileReference section */

/* Begin PBXFrameworksBuildPhase section */
		07FE888B1B9D88DC00309C51 /* Frameworks */ = {
			isa = PBXFrameworksBuildPhase;
			buildActionMask = 2147483647;
			files = (
			);
			runOnlyForDeploymentPostprocessing = 0;
		};
		07FE88A41B9D88DD00309C51 /* Frameworks */ = {
			isa = PBXFrameworksBuildPhase;
			buildActionMask = 2147483647;
			files = (
			);
			runOnlyForDeploymentPostprocessing = 0;
		};
/* End PBXFrameworksBuildPhase section */

/* Begin PBXGroup section */
		073ED05A1BA004E600F0A39D /* espdemo */ = {
			isa = PBXGroup;
			children = (
				073ED0601BA00D8300F0A39D /* ESPActionInternetUserLogin.h */,
				073ED0611BA00D8300F0A39D /* ESPActionInternetUserLogin.m */,
				073ED05F1BA00C8800F0A39D /* EspHttpStatusConstants.h */,
				073ED05E1BA00B4500F0A39D /* EspEnum.h */,
				073ED0691BA0156000F0A39D /* EspUrlConstants.h */,
				073ED05B1BA00B2F00F0A39D /* ESPUser.h */,
				073ED05C1BA00B2F00F0A39D /* ESPUser.m */,
				073ED0571BA0046A00F0A39D /* ESPHttpClient.h */,
				073ED0581BA0046A00F0A39D /* ESPHttpClient.m */,
				07CD44091BA187F400D30921 /* EspActionInternetUserApnsRegister.h */,
				07CD440A1BA187F400D30921 /* EspActionInternetUserApnsRegister.m */,
				07CD440C1BA1880500D30921 /* EspActionInternetUserApnsUnregister.h */,
				07CD440D1BA1880500D30921 /* EspActionInternetUserApnsUnregister.m */,
			);
			name = espdemo;
			sourceTree = "<group>";
		};
		07FE88851B9D88DC00309C51 = {
			isa = PBXGroup;
			children = (
				073ED05A1BA004E600F0A39D /* espdemo */,
				07FE88901B9D88DC00309C51 /* notification */,
				07FE88AA1B9D88DD00309C51 /* notificationTests */,
				07FE888F1B9D88DC00309C51 /* Products */,
			);
			sourceTree = "<group>";
		};
		07FE888F1B9D88DC00309C51 /* Products */ = {
			isa = PBXGroup;
			children = (
				07FE888E1B9D88DC00309C51 /* notification.app */,
				07FE88A71B9D88DD00309C51 /* notificationTests.xctest */,
			);
			name = Products;
			sourceTree = "<group>";
		};
		07FE88901B9D88DC00309C51 /* notification */ = {
			isa = PBXGroup;
			children = (
				07FE88951B9D88DC00309C51 /* AppDelegate.h */,
				07FE88961B9D88DC00309C51 /* AppDelegate.m */,
				07FE889B1B9D88DC00309C51 /* Main.storyboard */,
				07FE889E1B9D88DC00309C51 /* Images.xcassets */,
				07FE88A01B9D88DC00309C51 /* LaunchScreen.xib */,
				07FE88911B9D88DC00309C51 /* Supporting Files */,
				073ED0661BA0139B00F0A39D /* EspViewController.h */,
				073ED0671BA0139B00F0A39D /* EspViewController.m */,
			);
			path = notification;
			sourceTree = "<group>";
		};
		07FE88911B9D88DC00309C51 /* Supporting Files */ = {
			isa = PBXGroup;
			children = (
				07FE88921B9D88DC00309C51 /* Info.plist */,
				07FE88931B9D88DC00309C51 /* main.m */,
			);
			name = "Supporting Files";
			sourceTree = "<group>";
		};
		07FE88AA1B9D88DD00309C51 /* notificationTests */ = {
			isa = PBXGroup;
			children = (
				07FE88AD1B9D88DD00309C51 /* notificationTests.m */,
				07FE88AB1B9D88DD00309C51 /* Supporting Files */,
			);
			path = notificationTests;
			sourceTree = "<group>";
		};
		07FE88AB1B9D88DD00309C51 /* Supporting Files */ = {
			isa = PBXGroup;
			children = (
				07FE88AC1B9D88DD00309C51 /* Info.plist */,
			);
			name = "Supporting Files";
			sourceTree = "<group>";
		};
/* End PBXGroup section */

/* Begin PBXNativeTarget section */
		07FE888D1B9D88DC00309C51 /* notification */ = {
			isa = PBXNativeTarget;
			buildConfigurationList = 07FE88B11B9D88DD00309C51 /* Build configuration list for PBXNativeTarget "notification" */;
			buildPhases = (
				07FE888A1B9D88DC00309C51 /* Sources */,
				07FE888B1B9D88DC00309C51 /* Frameworks */,
				07FE888C1B9D88DC00309C51 /* Resources */,
			);
			buildRules = (
			);
			dependencies = (
			);
			name = notification;
			productName = notification;
			productReference = 07FE888E1B9D88DC00309C51 /* notification.app */;
			productType = "com.apple.product-type.application";
		};
		07FE88A61B9D88DD00309C51 /* notificationTests */ = {
			isa = PBXNativeTarget;
			buildConfigurationList = 07FE88B41B9D88DD00309C51 /* Build configuration list for PBXNativeTarget "notificationTests" */;
			buildPhases = (
				07FE88A31B9D88DD00309C51 /* Sources */,
				07FE88A41B9D88DD00309C51 /* Frameworks */,
				07FE88A51B9D88DD00309C51 /* Resources */,
			);
			buildRules = (
			);
			dependencies = (
				07FE88A91B9D88DD00309C51 /* PBXTargetDependency */,
			);
			name = notificationTests;
			productName = notificationTests;
			productReference = 07FE88A71B9D88DD00309C51 /* notificationTests.xctest */;
			productType = "com.apple.product-type.bundle.unit-test";
		};
/* End PBXNativeTarget section */

/* Begin PBXProject section */
		07FE88861B9D88DC00309C51 /* Project object */ = {
			isa = PBXProject;
			attributes = {
				LastUpgradeCheck = 0640;
				ORGANIZATIONNAME = "白 桦";
				TargetAttributes = {
					07FE888D1B9D88DC00309C51 = {
						CreatedOnToolsVersion = 6.4;
						DevelopmentTeam = QWY5DY832N;
						SystemCapabilities = {
							com.apple.iCloud = {
								enabled = 0;
							};
						};
					};
					07FE88A61B9D88DD00309C51 = {
						CreatedOnToolsVersion = 6.4;
						DevelopmentTeam = QWY5DY832N;
						TestTargetID = 07FE888D1B9D88DC00309C51;
					};
				};
			};
			buildConfigurationList = 07FE88891B9D88DC00309C51 /* Build configuration list for PBXProject "notification" */;
			compatibilityVersion = "Xcode 3.2";
			developmentRegion = English;
			hasScannedForEncodings = 0;
			knownRegions = (
				en,
				Base,
			);
			mainGroup = 07FE88851B9D88DC00309C51;
			productRefGroup = 07FE888F1B9D88DC00309C51 /* Products */;
			projectDirPath = "";
			projectRoot = "";
			targets = (
				07FE888D1B9D88DC00309C51 /* notification */,
				07FE88A61B9D88DD00309C51 /* notificationTests */,
			);
		};
/* End PBXProject section */

/* Begin PBXResourcesBuildPhase section */
		07FE888C1B9D88DC00309C51 /* Resources */ = {
			isa = PBXResourcesBuildPhase;
			buildActionMask = 2147483647;
			files = (
				07FE889D1B9D88DC00309C51 /* Main.storyboard in Resources */,
				07FE88A21B9D88DC00309C51 /* LaunchScreen.xib in Resources */,
				07FE889F1B9D88DC00309C51 /* Images.xcassets in Resources */,
			);
			runOnlyForDeploymentPostprocessing = 0;
		};
		07FE88A51B9D88DD00309C51 /* Resources */ = {
			isa = PBXResourcesBuildPhase;
			buildActionMask = 2147483647;
			files = (
			);
			runOnlyForDeploymentPostprocessing = 0;
		};
/* End PBXResourcesBuildPhase section */

/* Begin PBXSourcesBuildPhase section */
		07FE888A1B9D88DC00309C51 /* Sources */ = {
			isa = PBXSourcesBuildPhase;
			buildActionMask = 2147483647;
			files = (
				073ED05D1BA00B2F00F0A39D /* ESPUser.m in Sources */,
				07CD440B1BA187F400D30921 /* EspActionInternetUserApnsRegister.m in Sources */,
				073ED0591BA0046A00F0A39D /* ESPHttpClient.m in Sources */,
				07FE88971B9D88DC00309C51 /* AppDelegate.m in Sources */,
				073ED0621BA00D8300F0A39D /* ESPActionInternetUserLogin.m in Sources */,
				07FE88941B9D88DC00309C51 /* main.m in Sources */,
				07CD440E1BA1880500D30921 /* EspActionInternetUserApnsUnregister.m in Sources */,
				073ED0681BA0139B00F0A39D /* EspViewController.m in Sources */,
			);
			runOnlyForDeploymentPostprocessing = 0;
		};
		07FE88A31B9D88DD00309C51 /* Sources */ = {
			isa = PBXSourcesBuildPhase;
			buildActionMask = 2147483647;
			files = (
				07FE88AE1B9D88DD00309C51 /* notificationTests.m in Sources */,
			);
			runOnlyForDeploymentPostprocessing = 0;
		};
/* End PBXSourcesBuildPhase section */

/* Begin PBXTargetDependency section */
		07FE88A91B9D88DD00309C51 /* PBXTargetDependency */ = {
			isa = PBXTargetDependency;
			target = 07FE888D1B9D88DC00309C51 /* notification */;
			targetProxy = 07FE88A81B9D88DD00309C51 /* PBXContainerItemProxy */;
		};
/* End PBXTargetDependency section */

/* Begin PBXVariantGroup section */
		07FE889B1B9D88DC00309C51 /* Main.storyboard */ = {
			isa = PBXVariantGroup;
			children = (
				07FE889C1B9D88DC00309C51 /* Base */,
			);
			name = Main.storyboard;
			sourceTree = "<group>";
		};
		07FE88A01B9D88DC00309C51 /* LaunchScreen.xib */ = {
			isa = PBXVariantGroup;
			children = (
				07FE88A11B9D88DC00309C51 /* Base */,
			);
			name = LaunchScreen.xib;
			sourceTree = "<group>";
		};
/* End PBXVariantGroup section */

/* Begin XCBuildConfiguration section */
		07FE88AF1B9D88DD00309C51 /* Debug */ = {
			isa = XCBuildConfiguration;
			buildSettings = {
				ALWAYS_SEARCH_USER_PATHS = NO;
				CLANG_CXX_LANGUAGE_STANDARD = "gnu++0x";
				CLANG_CXX_LIBRARY = "libc++";
				CLANG_ENABLE_MODULES = YES;
				CLANG_ENABLE_OBJC_ARC = YES;
				CLANG_WARN_BOOL_CONVERSION = YES;
				CLANG_WARN_CONSTANT_CONVERSION = YES;
				CLANG_WARN_DIRECT_OBJC_ISA_USAGE = YES_ERROR;
				CLANG_WARN_EMPTY_BODY = YES;
				CLANG_WARN_ENUM_CONVERSION = YES;
				CLANG_WARN_INT_CONVERSION = YES;
				CLANG_WARN_OBJC_ROOT_CLASS = YES_ERROR;
				CLANG_WARN_UNREACHABLE_CODE = YES;
				CLANG_WARN__DUPLICATE_METHOD_MATCH = YES;
				CODE_SIGN_IDENTITY = "iPhone Developer: Peiqi Huang (VM446K59DU)";
				COPY_PHASE_STRIP = NO;
				DEBUG_INFORMATION_FORMAT = "dwarf-with-dsym";
				ENABLE_STRICT_OBJC_MSGSEND = YES;
				GCC_C_LANGUAGE_STANDARD = gnu99;
				GCC_DYNAMIC_NO_PIC = NO;
				GCC_NO_COMMON_BLOCKS = YES;
				GCC_OPTIMIZATION_LEVEL = 0;
				GCC_PREPROCESSOR_DEFINITIONS = (
					"DEBUG=1",
					"$(inherited)",
				);
				GCC_SYMBOLS_PRIVATE_EXTERN = NO;
				GCC_WARN_64_TO_32_BIT_CONVERSION = YES;
				GCC_WARN_ABOUT_RETURN_TYPE = YES_ERROR;
				GCC_WARN_UNDECLARED_SELECTOR = YES;
				GCC_WARN_UNINITIALIZED_AUTOS = YES_AGGRESSIVE;
				GCC_WARN_UNUSED_FUNCTION = YES;
				GCC_WARN_UNUSED_VARIABLE = YES;
				IPHONEOS_DEPLOYMENT_TARGET = 6.1;
				MTL_ENABLE_DEBUG_INFO = YES;
				ONLY_ACTIVE_ARCH = YES;
				PROVISIONING_PROFILE = "6f40a80a-00f9-4b3b-9b4b-bb164fc7cef8";
				SDKROOT = iphoneos;
				TARGETED_DEVICE_FAMILY = "1,2";
			};
			name = Debug;
		};
		07FE88B01B9D88DD00309C51 /* Release */ = {
			isa = XCBuildConfiguration;
			buildSettings = {
				ALWAYS_SEARCH_USER_PATHS = NO;
				CLANG_CXX_LANGUAGE_STANDARD = "gnu++0x";
				CLANG_CXX_LIBRARY = "libc++";
				CLANG_ENABLE_MODULES = YES;
				CLANG_ENABLE_OBJC_ARC = YES;
				CLANG_WARN_BOOL_CONVERSION = YES;
				CLANG_WARN_CONSTANT_CONVERSION = YES;
				CLANG_WARN_DIRECT_OBJC_ISA_USAGE = YES_ERROR;
				CLANG_WARN_EMPTY_BODY = YES;
				CLANG_WARN_ENUM_CONVERSION = YES;
				CLANG_WARN_INT_CONVERSION = YES;
				CLANG_WARN_OBJC_ROOT_CLASS = YES_ERROR;
				CLANG_WARN_UNREACHABLE_CODE = YES;
				CLANG_WARN__DUPLICATE_METHOD_MATCH = YES;
				CODE_SIGN_IDENTITY = "iPhone Developer: Peiqi Huang (VM446K59DU)";
				COPY_PHASE_STRIP = NO;
				DEBUG_INFORMATION_FORMAT = "dwarf-with-dsym";
				ENABLE_NS_ASSERTIONS = NO;
				ENABLE_STRICT_OBJC_MSGSEND = YES;
				GCC_C_LANGUAGE_STANDARD = gnu99;
				GCC_NO_COMMON_BLOCKS = YES;
				GCC_WARN_64_TO_32_BIT_CONVERSION = YES;
				GCC_WARN_ABOUT_RETURN_TYPE = YES_ERROR;
				GCC_WARN_UNDECLARED_SELECTOR = YES;
				GCC_WARN_UNINITIALIZED_AUTOS = YES_AGGRESSIVE;
				GCC_WARN_UNUSED_FUNCTION = YES;
				GCC_WARN_UNUSED_VARIABLE = YES;
				IPHONEOS_DEPLOYMENT_TARGET = 6.1;
				MTL_ENABLE_DEBUG_INFO = NO;
				PROVISIONING_PROFILE = "6f40a80a-00f9-4b3b-9b4b-bb164fc7cef8";
				SDKROOT = iphoneos;
				TARGETED_DEVICE_FAMILY = "1,2";
				VALIDATE_PRODUCT = YES;
			};
			name = Release;
		};
		07FE88B21B9D88DD00309C51 /* Debug */ = {
			isa = XCBuildConfiguration;
			buildSettings = {
				ASSETCATALOG_COMPILER_APPICON_NAME = AppIcon;
				CODE_SIGN_IDENTITY = "iPhone Developer";
				"CODE_SIGN_IDENTITY[sdk=iphoneos*]" = "iPhone Developer";
				INFOPLIST_FILE = notification/Info.plist;
				IPHONEOS_DEPLOYMENT_TARGET = 6.1;
				LD_RUNPATH_SEARCH_PATHS = "$(inherited) @executable_path/Frameworks";
				PRODUCT_NAME = "$(TARGET_NAME)";
				PROVISIONING_PROFILE = "";
				TARGETED_DEVICE_FAMILY = "1,2";
			};
			name = Debug;
		};
		07FE88B31B9D88DD00309C51 /* Release */ = {
			isa = XCBuildConfiguration;
			buildSettings = {
				ASSETCATALOG_COMPILER_APPICON_NAME = AppIcon;
				CODE_SIGN_IDENTITY = "iPhone Developer";
				"CODE_SIGN_IDENTITY[sdk=iphoneos*]" = "iPhone Developer";
				INFOPLIST_FILE = notification/Info.plist;
				IPHONEOS_DEPLOYMENT_TARGET = 6.1;
				LD_RUNPATH_SEARCH_PATHS = "$(inherited) @executable_path/Frameworks";
				PRODUCT_NAME = "$(TARGET_NAME)";
				PROVISIONING_PROFILE = "";
				TARGETED_DEVICE_FAMILY = "1,2";
			};
			name = Release;
		};
		07FE88B51B9D88DD00309C51 /* Debug */ = {
			isa = XCBuildConfiguration;
			buildSettings = {
				BUNDLE_LOADER = "$(TEST_HOST)";
				CODE_SIGN_IDENTITY = "iPhone Developer";
				"CODE_SIGN_IDENTITY[sdk=iphoneos*]" = "iPhone Developer";
				FRAMEWORK_SEARCH_PATHS = (
					"$(SDKROOT)/Developer/Library/Frameworks",
					"$(inherited)",
				);
				GCC_PREPROCESSOR_DEFINITIONS = (
					"DEBUG=1",
					"$(inherited)",
				);
				INFOPLIST_FILE = notificationTests/Info.plist;
				LD_RUNPATH_SEARCH_PATHS = "$(inherited) @executable_path/Frameworks @loader_path/Frameworks";
				PRODUCT_NAME = "$(TARGET_NAME)";
				PROVISIONING_PROFILE = "";
				TEST_HOST = "$(BUILT_PRODUCTS_DIR)/notification.app/notification";
			};
			name = Debug;
		};
		07FE88B61B9D88DD00309C51 /* Release */ = {
			isa = XCBuildConfiguration;
			buildSettings = {
				BUNDLE_LOADER = "$(TEST_HOST)";
				CODE_SIGN_IDENTITY = "iPhone Developer";
				"CODE_SIGN_IDENTITY[sdk=iphoneos*]" = "iPhone Developer";
				FRAMEWORK_SEARCH_PATHS = (
					"$(SDKROOT)/Developer/Library/Frameworks",
					"$(inherited)",
				);
				INFOPLIST_FILE = notificationTests/Info.plist;
				LD_RUNPATH_SEARCH_PATHS = "$(inherited) @executable_path/Frameworks @loader_path/Frameworks";
				PRODUCT_NAME = "$(TARGET_NAME)";
				PROVISIONING_PROFILE = "";
				TEST_HOST = "$(BUILT_PRODUCTS_DIR)/notification.app/notification";
			};
			name = Release;
		};
/* End XCBuildConfiguration section */

/* Begin XCConfigurationList section */
		07FE88891B9D88DC00309C51 /* Build configuration list for PBXProject "notification" */ = {
			isa = XCConfigurationList;
			buildConfigurations = (
				07FE88AF1B9D88DD00309C51 /* Debug */,
				07FE88B01B9D88DD00309C51 /* Release */,
			);
			defaultConfigurationIsVisible = 0;
			defaultConfigurationName = Release;
		};
		07FE88B11B9D88DD00309C51 /* Build configuration list for PBXNativeTarget "notification" */ = {
			isa = XCConfigurationList;
			buildConfigurations = (
				07FE88B21B9D88DD00309C51 /* Debug */,
				07FE88B31B9D88DD00309C51 /* Release */,
			);
			defaultConfigurationIsVisible = 0;
			defaultConfigurationName = Release;
		};
		07FE88B41B9D88DD00309C51 /* Build configuration list for PBXNativeTarget "notificationTests" */ = {
			isa = XCConfigurationList;
			buildConfigurations = (
				07FE88B51B9D88DD00309C51 /* Debug */,
				07FE88B61B9D88DD00309C51 /* Release */,
			);
			defaultConfigurationIsVisible = 0;
			defaultConfigurationName = Release;
		};
/* End XCConfigurationList section */
	};
	rootObject = 07FE88861B9D88DC00309C51 /* Project object */;
}
